
Microsoft Visual Studio Solution File, Format Version 11.00
# Visual Studio 2010
Project("{FAE04EC0-301F-11D3-BF4B-00C04F79EFBC}") = "V6", "V6\V6.csproj", "{13ADB159-C0E6-4336-A988-B7A93DF07EB8}"
EndProject
Project("{FAE04EC0-301F-11D3-BF4B-00C04F79EFBC}") = "PysiLib", "..\PysiLib\PysiLib.csproj", "{293D839C-DF23-4A2D-A3E2-5A22A0652D2C}"
EndProject
Global
	GlobalSection(SolutionConfigurationPlatforms) = preSolution
		Debug|Any CPU = Debug|Any CPU
		Release|Any CPU = Release|Any CPU
	EndGlobalSection
	GlobalSection(ProjectConfigurationPlatforms) = postSolution
		{13ADB159-C0E6-4336-A988-B7A93DF07EB8}.Debug|Any CPU.ActiveCfg = Debug|Any CPU
		{13ADB159-C0E6-4336-A988-B7A93DF07EB8}.Debug|Any CPU.Build.0 = Debug|Any CPU
		{13ADB159-C0E6-4336-A988-B7A93DF07EB8}.Release|Any CPU.ActiveCfg = Release|Any CPU
		{13ADB159-C0E6-4336-A988-B7A93DF07EB8}.Release|Any CPU.Build.0 = Release|Any CPU
		{293D839C-DF23-4A2D-A3E2-5A22A0652D2C}.Debug|Any CPU.ActiveCfg = Debug|Any CPU
		{293D839C-DF23-4A2D-A3E2-5A22A0652D2C}.Debug|Any CPU.Build.0 = Debug|Any CPU
		{293D839C-DF23-4A2D-A3E2-5A22A0652D2C}.Release|Any CPU.ActiveCfg = Release|Any CPU
		{293D839C-DF23-4A2D-A3E2-5A22A0652D2C}.Release|Any CPU.Build.0 = Release|Any CPU
	EndGlobalSection
	GlobalSection(SolutionProperties) = preSolution
		HideSolutionNode = FALSE
	EndGlobalSection
EndGlobal
