
Microsoft Visual Studio Solution File, Format Version 12.00
# Visual Studio 2012
Project("{FAE04EC0-301F-11D3-BF4B-00C04F79EFBC}") = "V4", "V4.csproj", "{D00294C8-4072-4611-A76A-C6A0845945BF}"
EndProject
Project("{FAE04EC0-301F-11D3-BF4B-00C04F79EFBC}") = "PysiLib", "..\..\PysiLib\PysiLib.csproj", "{293D839C-DF23-4A2D-A3E2-5A22A0652D2C}"
EndProject
Global
	GlobalSection(SolutionConfigurationPlatforms) = preSolution
		Debug|Any CPU = Debug|Any CPU
		Release|Any CPU = Release|Any CPU
	EndGlobalSection
	GlobalSection(ProjectConfigurationPlatforms) = postSolution
		{D00294C8-4072-4611-A76A-C6A0845945BF}.Debug|Any CPU.ActiveCfg = Debug|Any CPU
		{D00294C8-4072-4611-A76A-C6A0845945BF}.Debug|Any CPU.Build.0 = Debug|Any CPU
		{D00294C8-4072-4611-A76A-C6A0845945BF}.Release|Any CPU.ActiveCfg = Release|Any CPU
		{D00294C8-4072-4611-A76A-C6A0845945BF}.Release|Any CPU.Build.0 = Release|Any CPU
		{293D839C-DF23-4A2D-A3E2-5A22A0652D2C}.Debug|Any CPU.ActiveCfg = Debug|Any CPU
		{293D839C-DF23-4A2D-A3E2-5A22A0652D2C}.Debug|Any CPU.Build.0 = Debug|Any CPU
		{293D839C-DF23-4A2D-A3E2-5A22A0652D2C}.Release|Any CPU.ActiveCfg = Release|Any CPU
		{293D839C-DF23-4A2D-A3E2-5A22A0652D2C}.Release|Any CPU.Build.0 = Release|Any CPU
	EndGlobalSection
	GlobalSection(SolutionProperties) = preSolution
		HideSolutionNode = FALSE
	EndGlobalSection
EndGlobal
