
Microsoft Visual Studio Solution File, Format Version 10.00
# Visual Studio 2008
Project("{E24C65DC-7377-472B-9ABA-BC803B73C61A}") = "V3", ".", "{9B72B0C1-8486-4A1E-A20F-E18786C9D309}"
	ProjectSection(WebsiteProperties) = preProject
		TargetFramework = "3.5"
		Debug.AspNetCompiler.VirtualPath = "/V3"
		Debug.AspNetCompiler.PhysicalPath = "..\V3\"
		Debug.AspNetCompiler.TargetPath = "PrecompiledWeb\V3\"
		Debug.AspNetCompiler.Updateable = "true"
		Debug.AspNetCompiler.ForceOverwrite = "true"
		Debug.AspNetCompiler.FixedNames = "false"
		Debug.AspNetCompiler.Debug = "True"
		Release.AspNetCompiler.VirtualPath = "/V3"
		Release.AspNetCompiler.PhysicalPath = "..\V3\"
		Release.AspNetCompiler.TargetPath = "PrecompiledWeb\V3\"
		Release.AspNetCompiler.Updateable = "true"
		Release.AspNetCompiler.ForceOverwrite = "true"
		Release.AspNetCompiler.FixedNames = "false"
		Release.AspNetCompiler.Debug = "False"
		VWDPort = "49405"
	EndProjectSection
EndProject
Global
	GlobalSection(SolutionConfigurationPlatforms) = preSolution
		Debug|Any CPU = Debug|Any CPU
	EndGlobalSection
	GlobalSection(ProjectConfigurationPlatforms) = postSolution
		{9B72B0C1-8486-4A1E-A20F-E18786C9D309}.Debug|Any CPU.ActiveCfg = Debug|Any CPU
		{9B72B0C1-8486-4A1E-A20F-E18786C9D309}.Debug|Any CPU.Build.0 = Debug|Any CPU
	EndGlobalSection
	GlobalSection(SolutionProperties) = preSolution
		HideSolutionNode = FALSE
	EndGlobalSection
EndGlobal
